
Microsoft Visual Studio Solution File, Format Version 12.00
# Visual Studio Version 16
VisualStudioVersion = 16.0.31321.278
MinimumVisualStudioVersion = 10.0.40219.1
Project("{8BC9CEB8-8B4A-11D0-8D11-00A0C91BC942}") = "SCC", "SCC.vcxproj", "{C1CC3743-FBB0-47D6-B508-259EA1CC9846}"
	ProjectSection(ProjectDependencies) = postProject
		{F17E1441-2ECF-4328-BE7D-7DB79B6C1827} = {F17E1441-2ECF-4328-BE7D-7DB79B6C1827}
	EndProjectSection
EndProject
Project("{8BC9CEB8-8B4A-11D0-8D11-00A0C91BC942}") = "libsysy", "libsysy\libsysy.vcxproj", "{F17E1441-2ECF-4328-BE7D-7DB79B6C1827}"
EndProject
Global
	GlobalSection(SolutionConfigurationPlatforms) = preSolution
		Debug|x64 = Debug|x64
		Debug|x86 = Debug|x86
		Release|x64 = Release|x64
		Release|x86 = Release|x86
	EndGlobalSection
	GlobalSection(ProjectConfigurationPlatforms) = postSolution
		{C1CC3743-FBB0-47D6-B508-259EA1CC9846}.Debug|x64.ActiveCfg = Debug|x64
		{C1CC3743-FBB0-47D6-B508-259EA1CC9846}.Debug|x64.Build.0 = Debug|x64
		{C1CC3743-FBB0-47D6-B508-259EA1CC9846}.Debug|x86.ActiveCfg = Debug|Win32
		{C1CC3743-FBB0-47D6-B508-259EA1CC9846}.Debug|x86.Build.0 = Debug|Win32
		{C1CC3743-FBB0-47D6-B508-259EA1CC9846}.Release|x64.ActiveCfg = Release|x64
		{C1CC3743-FBB0-47D6-B508-259EA1CC9846}.Release|x64.Build.0 = Release|x64
		{C1CC3743-FBB0-47D6-B508-259EA1CC9846}.Release|x86.ActiveCfg = Release|Win32
		{C1CC3743-FBB0-47D6-B508-259EA1CC9846}.Release|x86.Build.0 = Release|Win32
		{F17E1441-2ECF-4328-BE7D-7DB79B6C1827}.Debug|x64.ActiveCfg = Debug|x64
		{F17E1441-2ECF-4328-BE7D-7DB79B6C1827}.Debug|x64.Build.0 = Debug|x64
		{F17E1441-2ECF-4328-BE7D-7DB79B6C1827}.Debug|x86.ActiveCfg = Debug|Win32
		{F17E1441-2ECF-4328-BE7D-7DB79B6C1827}.Debug|x86.Build.0 = Debug|Win32
		{F17E1441-2ECF-4328-BE7D-7DB79B6C1827}.Release|x64.ActiveCfg = Release|x64
		{F17E1441-2ECF-4328-BE7D-7DB79B6C1827}.Release|x64.Build.0 = Release|x64
		{F17E1441-2ECF-4328-BE7D-7DB79B6C1827}.Release|x86.ActiveCfg = Release|Win32
		{F17E1441-2ECF-4328-BE7D-7DB79B6C1827}.Release|x86.Build.0 = Release|Win32
	EndGlobalSection
	GlobalSection(SolutionProperties) = preSolution
		HideSolutionNode = FALSE
	EndGlobalSection
	GlobalSection(ExtensibilityGlobals) = postSolution
		SolutionGuid = {B22F8C13-BBDA-4D2D-9A1F-F477167E55D8}
	EndGlobalSection
EndGlobal
